
Microsoft Visual Studio Solution File, Format Version 12.00
# Visual Studio Version 16
VisualStudioVersion = 16.0.29613.14
MinimumVisualStudioVersion = 10.0.40219.1
Project("{9A19103F-16F7-4668-BE54-9A1E7A4F7556}") = "TestShapes", "TestShapes\TestShapes.csproj", "{A337C8F8-84BA-480B-9EE6-CA4A7FD8777A}"
EndProject
Project("{FAE04EC0-301F-11D3-BF4B-00C04F79EFBC}") = "ShapesTests", "ShapesTests\ShapesTests.csproj", "{3F3BA701-0325-402F-8840-87FAD956794C}"
EndProject
Global
	GlobalSection(SolutionConfigurationPlatforms) = preSolution
		Debug|Any CPU = Debug|Any CPU
		Release|Any CPU = Release|Any CPU
	EndGlobalSection
	GlobalSection(ProjectConfigurationPlatforms) = postSolution
		{A337C8F8-84BA-480B-9EE6-CA4A7FD8777A}.Debug|Any CPU.ActiveCfg = Debug|Any CPU
		{A337C8F8-84BA-480B-9EE6-CA4A7FD8777A}.Debug|Any CPU.Build.0 = Debug|Any CPU
		{A337C8F8-84BA-480B-9EE6-CA4A7FD8777A}.Release|Any CPU.ActiveCfg = Release|Any CPU
		{A337C8F8-84BA-480B-9EE6-CA4A7FD8777A}.Release|Any CPU.Build.0 = Release|Any CPU
		{3F3BA701-0325-402F-8840-87FAD956794C}.Debug|Any CPU.ActiveCfg = Debug|Any CPU
		{3F3BA701-0325-402F-8840-87FAD956794C}.Debug|Any CPU.Build.0 = Debug|Any CPU
		{3F3BA701-0325-402F-8840-87FAD956794C}.Release|Any CPU.ActiveCfg = Release|Any CPU
		{3F3BA701-0325-402F-8840-87FAD956794C}.Release|Any CPU.Build.0 = Release|Any CPU
	EndGlobalSection
	GlobalSection(SolutionProperties) = preSolution
		HideSolutionNode = FALSE
	EndGlobalSection
	GlobalSection(ExtensibilityGlobals) = postSolution
		SolutionGuid = {21DB9F95-C7C9-4C4B-95CD-DB79B8DFC818}
	EndGlobalSection
EndGlobal
